
Microsoft Visual Studio Solution File, Format Version 12.00
# Visual Studio Version 17
VisualStudioVersion = 17.7.34024.191
MinimumVisualStudioVersion = 10.0.40219.1
Project("{FAE04EC0-301F-11D3-BF4B-00C04F79EFBC}") = "Sem03_Ejercicio 3", "Sem03_Ejercicio 3.csproj", "{842E14B3-0F00-43EC-805C-72F83A158059}"
EndProject
Global
	GlobalSection(SolutionConfigurationPlatforms) = preSolution
		Debug|Any CPU = Debug|Any CPU
		Release|Any CPU = Release|Any CPU
	EndGlobalSection
	GlobalSection(ProjectConfigurationPlatforms) = postSolution
		{842E14B3-0F00-43EC-805C-72F83A158059}.Debug|Any CPU.ActiveCfg = Debug|Any CPU
		{842E14B3-0F00-43EC-805C-72F83A158059}.Debug|Any CPU.Build.0 = Debug|Any CPU
		{842E14B3-0F00-43EC-805C-72F83A158059}.Release|Any CPU.ActiveCfg = Release|Any CPU
		{842E14B3-0F00-43EC-805C-72F83A158059}.Release|Any CPU.Build.0 = Release|Any CPU
	EndGlobalSection
	GlobalSection(SolutionProperties) = preSolution
		HideSolutionNode = FALSE
	EndGlobalSection
	GlobalSection(ExtensibilityGlobals) = postSolution
		SolutionGuid = {AF4DC84B-9429-4605-8A44-EA659B9FF5D1}
	EndGlobalSection
EndGlobal
